{
    "name": "gazr_prettier_compose",
    "version": "1.0.0",
    "lockfileVersion": 1,
    "requires": true,
    "dependencies": {
      "prettier": {
        "version": "1.10.2",
        "resolved": "https://registry.npmjs.org/prettier/-/prettier-1.10.2.tgz",
        "integrity": "sha512-TcdNoQIWFoHblurqqU6d1ysopjq7UX0oRcT/hJ8qvBAELiYWn+Ugf0AXdnzISEJ7vuhNnQ98N8jR8Sh53x4IZg=="
      }
    }
  }
  